// !$*UTF8*$!
{
	archiveVersion = 1;
	classes = {
	};
	objectVersion = 46;
	objects = {

/* Begin PBXBuildFile section */
		99C2CDEB1AFC0C5D006C26C9 /* main.m in Sources */ = {isa = PBXBuildFile; fileRef = 99C2CDEA1AFC0C5D006C26C9 /* main.m */; };
		99C2CDEE1AFC0C5D006C26C9 /* AppDelegate.m in Sources */ = {isa = PBXBuildFile; fileRef = 99C2CDED1AFC0C5D006C26C9 /* AppDelegate.m */; };
		99C2CDF41AFC0C5D006C26C9 /* Main.storyboard in Resources */ = {isa = PBXBuildFile; fileRef = 99C2CDF21AFC0C5D006C26C9 /* Main.storyboard */; };
		99C2CDF61AFC0C5D006C26C9 /* Images.xcassets in Resources */ = {isa = PBXBuildFile; fileRef = 99C2CDF51AFC0C5D006C26C9 /* Images.xcassets */; };
		99C2CDF91AFC0C5D006C26C9 /* LaunchScreen.xib in Resources */ = {isa = PBXBuildFile; fileRef = 99C2CDF71AFC0C5D006C26C9 /* LaunchScreen.xib */; };
		99C2CE051AFC0C5D006C26C9 /* WebPDemoTests.m in Sources */ = {isa = PBXBuildFile; fileRef = 99C2CE041AFC0C5D006C26C9 /* WebPDemoTests.m */; };
		99C2CE101AFC0DB6006C26C9 /* MADWebPTableViewController.m in Sources */ = {isa = PBXBuildFile; fileRef = 99C2CE0F1AFC0DB6006C26C9 /* MADWebPTableViewController.m */; };
		99C2CE131AFC1F38006C26C9 /* MADWebPManager.m in Sources */ = {isa = PBXBuildFile; fileRef = 99C2CE121AFC1F38006C26C9 /* MADWebPManager.m */; };
		99C2CE171AFC1F99006C26C9 /* WebP.framework in Frameworks */ = {isa = PBXBuildFile; fileRef = 99C2CE151AFC1F99006C26C9 /* WebP.framework */; };
		99C2CE1A1AFC3780006C26C9 /* MADPhotosCollectionViewController.m in Sources */ = {isa = PBXBuildFile; fileRef = 99C2CE191AFC3780006C26C9 /* MADPhotosCollectionViewController.m */; };
		99C2CE1D1AFC3843006C26C9 /* MADPhotoViewCell.m in Sources */ = {isa = PBXBuildFile; fileRef = 99C2CE1C1AFC3843006C26C9 /* MADPhotoViewCell.m */; };
		99C2CE201AFD03D5006C26C9 /* MADPhotoViewController.m in Sources */ = {isa = PBXBuildFile; fileRef = 99C2CE1F1AFD03D5006C26C9 /* MADPhotoViewController.m */; };
		99C2CE271AFD10CD006C26C9 /* ImageToWebPDataTransformer.m in Sources */ = {isa = PBXBuildFile; fileRef = 99C2CE241AFD10CD006C26C9 /* ImageToWebPDataTransformer.m */; };
		99C2CE281AFD10CD006C26C9 /* UIImage+WebP.m in Sources */ = {isa = PBXBuildFile; fileRef = 99C2CE261AFD10CD006C26C9 /* UIImage+WebP.m */; };
/* End PBXBuildFile section */

/* Begin PBXContainerItemProxy section */
		99C2CDFF1AFC0C5D006C26C9 /* PBXContainerItemProxy */ = {
			isa = PBXContainerItemProxy;
			containerPortal = 99C2CDDD1AFC0C5D006C26C9 /* Project object */;
			proxyType = 1;
			remoteGlobalIDString = 99C2CDE41AFC0C5D006C26C9;
			remoteInfo = WebPDemo;
		};
/* End PBXContainerItemProxy section */

/* Begin PBXFileReference section */
		99C2CDE51AFC0C5D006C26C9 /* WebPDemo.app */ = {isa = PBXFileReference; explicitFileType = wrapper.application; includeInIndex = 0; path = WebPDemo.app; sourceTree = BUILT_PRODUCTS_DIR; };
		99C2CDE91AFC0C5D006C26C9 /* Info.plist */ = {isa = PBXFileReference; lastKnownFileType = text.plist.xml; path = Info.plist; sourceTree = "<group>"; };
		99C2CDEA1AFC0C5D006C26C9 /* main.m */ = {isa = PBXFileReference; lastKnownFileType = sourcecode.c.objc; path = main.m; sourceTree = "<group>"; };
		99C2CDEC1AFC0C5D006C26C9 /* AppDelegate.h */ = {isa = PBXFileReference; lastKnownFileType = sourcecode.c.h; path = AppDelegate.h; sourceTree = "<group>"; };
		99C2CDED1AFC0C5D006C26C9 /* AppDelegate.m */ = {isa = PBXFileReference; lastKnownFileType = sourcecode.c.objc; path = AppDelegate.m; sourceTree = "<group>"; };
		99C2CDF31AFC0C5D006C26C9 /* Base */ = {isa = PBXFileReference; lastKnownFileType = file.storyboard; name = Base; path = Base.lproj/Main.storyboard; sourceTree = "<group>"; };
		99C2CDF51AFC0C5D006C26C9 /* Images.xcassets */ = {isa = PBXFileReference; lastKnownFileType = folder.assetcatalog; path = Images.xcassets; sourceTree = "<group>"; };
		99C2CDF81AFC0C5D006C26C9 /* Base */ = {isa = PBXFileReference; lastKnownFileType = file.xib; name = Base; path = Base.lproj/LaunchScreen.xib; sourceTree = "<group>"; };
		99C2CDFE1AFC0C5D006C26C9 /* WebPDemoTests.xctest */ = {isa = PBXFileReference; explicitFileType = wrapper.cfbundle; includeInIndex = 0; path = WebPDemoTests.xctest; sourceTree = BUILT_PRODUCTS_DIR; };
		99C2CE031AFC0C5D006C26C9 /* Info.plist */ = {isa = PBXFileReference; lastKnownFileType = text.plist.xml; path = Info.plist; sourceTree = "<group>"; };
		99C2CE041AFC0C5D006C26C9 /* WebPDemoTests.m */ = {isa = PBXFileReference; lastKnownFileType = sourcecode.c.objc; path = WebPDemoTests.m; sourceTree = "<group>"; };
		99C2CE0E1AFC0DB6006C26C9 /* MADWebPTableViewController.h */ = {isa = PBXFileReference; fileEncoding = 4; lastKnownFileType = sourcecode.c.h; path = MADWebPTableViewController.h; sourceTree = "<group>"; };
		99C2CE0F1AFC0DB6006C26C9 /* MADWebPTableViewController.m */ = {isa = PBXFileReference; fileEncoding = 4; lastKnownFileType = sourcecode.c.objc; path = MADWebPTableViewController.m; sourceTree = "<group>"; };
		99C2CE111AFC1F38006C26C9 /* MADWebPManager.h */ = {isa = PBXFileReference; fileEncoding = 4; lastKnownFileType = sourcecode.c.h; path = MADWebPManager.h; sourceTree = "<group>"; };
		99C2CE121AFC1F38006C26C9 /* MADWebPManager.m */ = {isa = PBXFileReference; fileEncoding = 4; lastKnownFileType = sourcecode.c.objc; path = MADWebPManager.m; sourceTree = "<group>"; };
		99C2CE151AFC1F99006C26C9 /* WebP.framework */ = {isa = PBXFileReference; lastKnownFileType = wrapper.framework; path = WebP.framework; sourceTree = "<group>"; };
		99C2CE181AFC3780006C26C9 /* MADPhotosCollectionViewController.h */ = {isa = PBXFileReference; fileEncoding = 4; lastKnownFileType = sourcecode.c.h; path = MADPhotosCollectionViewController.h; sourceTree = "<group>"; };
		99C2CE191AFC3780006C26C9 /* MADPhotosCollectionViewController.m */ = {isa = PBXFileReference; fileEncoding = 4; lastKnownFileType = sourcecode.c.objc; path = MADPhotosCollectionViewController.m; sourceTree = "<group>"; };
		99C2CE1B1AFC3843006C26C9 /* MADPhotoViewCell.h */ = {isa = PBXFileReference; fileEncoding = 4; lastKnownFileType = sourcecode.c.h; path = MADPhotoViewCell.h; sourceTree = "<group>"; };
		99C2CE1C1AFC3843006C26C9 /* MADPhotoViewCell.m */ = {isa = PBXFileReference; fileEncoding = 4; lastKnownFileType = sourcecode.c.objc; path = MADPhotoViewCell.m; sourceTree = "<group>"; };
		99C2CE1E1AFD03D5006C26C9 /* MADPhotoViewController.h */ = {isa = PBXFileReference; fileEncoding = 4; lastKnownFileType = sourcecode.c.h; path = MADPhotoViewController.h; sourceTree = "<group>"; };
		99C2CE1F1AFD03D5006C26C9 /* MADPhotoViewController.m */ = {isa = PBXFileReference; fileEncoding = 4; lastKnownFileType = sourcecode.c.objc; path = MADPhotoViewController.m; sourceTree = "<group>"; };
		99C2CE231AFD10CD006C26C9 /* ImageToWebPDataTransformer.h */ = {isa = PBXFileReference; fileEncoding = 4; lastKnownFileType = sourcecode.c.h; name = ImageToWebPDataTransformer.h; path = WebP/ImageToWebPDataTransformer.h; sourceTree = "<group>"; };
		99C2CE241AFD10CD006C26C9 /* ImageToWebPDataTransformer.m */ = {isa = PBXFileReference; fileEncoding = 4; lastKnownFileType = sourcecode.c.objc; name = ImageToWebPDataTransformer.m; path = WebP/ImageToWebPDataTransformer.m; sourceTree = "<group>"; };
		99C2CE251AFD10CD006C26C9 /* UIImage+WebP.h */ = {isa = PBXFileReference; fileEncoding = 4; lastKnownFileType = sourcecode.c.h; name = "UIImage+WebP.h"; path = "WebP/UIImage+WebP.h"; sourceTree = "<group>"; };
		99C2CE261AFD10CD006C26C9 /* UIImage+WebP.m */ = {isa = PBXFileReference; fileEncoding = 4; lastKnownFileType = sourcecode.c.objc; name = "UIImage+WebP.m"; path = "WebP/UIImage+WebP.m"; sourceTree = "<group>"; };
/* End PBXFileReference section */

/* Begin PBXFrameworksBuildPhase section */
		99C2CDE21AFC0C5D006C26C9 /* Frameworks */ = {
			isa = PBXFrameworksBuildPhase;
			buildActionMask = 2147483647;
			files = (
				99C2CE171AFC1F99006C26C9 /* WebP.framework in Frameworks */,
			);
			runOnlyForDeploymentPostprocessing = 0;
		};
		99C2CDFB1AFC0C5D006C26C9 /* Frameworks */ = {
			isa = PBXFrameworksBuildPhase;
			buildActionMask = 2147483647;
			files = (
			);
			runOnlyForDeploymentPostprocessing = 0;
		};
/* End PBXFrameworksBuildPhase section */

/* Begin PBXGroup section */
		99C2CDDC1AFC0C5D006C26C9 = {
			isa = PBXGroup;
			children = (
				99C2CDE71AFC0C5D006C26C9 /* WebPDemo */,
				99C2CE011AFC0C5D006C26C9 /* WebPDemoTests */,
				99C2CDE61AFC0C5D006C26C9 /* Products */,
			);
			sourceTree = "<group>";
		};
		99C2CDE61AFC0C5D006C26C9 /* Products */ = {
			isa = PBXGroup;
			children = (
				99C2CDE51AFC0C5D006C26C9 /* WebPDemo.app */,
				99C2CDFE1AFC0C5D006C26C9 /* WebPDemoTests.xctest */,
			);
			name = Products;
			sourceTree = "<group>";
		};
		99C2CDE71AFC0C5D006C26C9 /* WebPDemo */ = {
			isa = PBXGroup;
			children = (
				99C2CE221AFD10BB006C26C9 /* WebP */,
				99C2CE151AFC1F99006C26C9 /* WebP.framework */,
				99C2CDEC1AFC0C5D006C26C9 /* AppDelegate.h */,
				99C2CDED1AFC0C5D006C26C9 /* AppDelegate.m */,
				99C2CDF21AFC0C5D006C26C9 /* Main.storyboard */,
				99C2CE1E1AFD03D5006C26C9 /* MADPhotoViewController.h */,
				99C2CE1F1AFD03D5006C26C9 /* MADPhotoViewController.m */,
				99C2CE111AFC1F38006C26C9 /* MADWebPManager.h */,
				99C2CE121AFC1F38006C26C9 /* MADWebPManager.m */,
				99C2CDF51AFC0C5D006C26C9 /* Images.xcassets */,
				99C2CDF71AFC0C5D006C26C9 /* LaunchScreen.xib */,
				99C2CDE81AFC0C5D006C26C9 /* Supporting Files */,
				99C2CE0E1AFC0DB6006C26C9 /* MADWebPTableViewController.h */,
				99C2CE0F1AFC0DB6006C26C9 /* MADWebPTableViewController.m */,
				99C2CE181AFC3780006C26C9 /* MADPhotosCollectionViewController.h */,
				99C2CE191AFC3780006C26C9 /* MADPhotosCollectionViewController.m */,
				99C2CE1B1AFC3843006C26C9 /* MADPhotoViewCell.h */,
				99C2CE1C1AFC3843006C26C9 /* MADPhotoViewCell.m */,
			);
			path = WebPDemo;
			sourceTree = "<group>";
		};
		99C2CDE81AFC0C5D006C26C9 /* Supporting Files */ = {
			isa = PBXGroup;
			children = (
				99C2CDE91AFC0C5D006C26C9 /* Info.plist */,
				99C2CDEA1AFC0C5D006C26C9 /* main.m */,
			);
			name = "Supporting Files";
			sourceTree = "<group>";
		};
		99C2CE011AFC0C5D006C26C9 /* WebPDemoTests */ = {
			isa = PBXGroup;
			children = (
				99C2CE041AFC0C5D006C26C9 /* WebPDemoTests.m */,
				99C2CE021AFC0C5D006C26C9 /* Supporting Files */,
			);
			path = WebPDemoTests;
			sourceTree = "<group>";
		};
		99C2CE021AFC0C5D006C26C9 /* Supporting Files */ = {
			isa = PBXGroup;
			children = (
				99C2CE031AFC0C5D006C26C9 /* Info.plist */,
			);
			name = "Supporting Files";
			sourceTree = "<group>";
		};
		99C2CE221AFD10BB006C26C9 /* WebP */ = {
			isa = PBXGroup;
			children = (
				99C2CE231AFD10CD006C26C9 /* ImageToWebPDataTransformer.h */,
				99C2CE241AFD10CD006C26C9 /* ImageToWebPDataTransformer.m */,
				99C2CE251AFD10CD006C26C9 /* UIImage+WebP.h */,
				99C2CE261AFD10CD006C26C9 /* UIImage+WebP.m */,
			);
			name = WebP;
			sourceTree = "<group>";
		};
/* End PBXGroup section */

/* Begin PBXNativeTarget section */
		99C2CDE41AFC0C5D006C26C9 /* WebPDemo */ = {
			isa = PBXNativeTarget;
			buildConfigurationList = 99C2CE081AFC0C5D006C26C9 /* Build configuration list for PBXNativeTarget "WebPDemo" */;
			buildPhases = (
				99C2CDE11AFC0C5D006C26C9 /* Sources */,
				99C2CDE21AFC0C5D006C26C9 /* Frameworks */,
				99C2CDE31AFC0C5D006C26C9 /* Resources */,
			);
			buildRules = (
			);
			dependencies = (
			);
			name = WebPDemo;
			productName = WebPDemo;
			productReference = 99C2CDE51AFC0C5D006C26C9 /* WebPDemo.app */;
			productType = "com.apple.product-type.application";
		};
		99C2CDFD1AFC0C5D006C26C9 /* WebPDemoTests */ = {
			isa = PBXNativeTarget;
			buildConfigurationList = 99C2CE0B1AFC0C5D006C26C9 /* Build configuration list for PBXNativeTarget "WebPDemoTests" */;
			buildPhases = (
				99C2CDFA1AFC0C5D006C26C9 /* Sources */,
				99C2CDFB1AFC0C5D006C26C9 /* Frameworks */,
				99C2CDFC1AFC0C5D006C26C9 /* Resources */,
			);
			buildRules = (
			);
			dependencies = (
				99C2CE001AFC0C5D006C26C9 /* PBXTargetDependency */,
			);
			name = WebPDemoTests;
			productName = WebPDemoTests;
			productReference = 99C2CDFE1AFC0C5D006C26C9 /* WebPDemoTests.xctest */;
			productType = "com.apple.product-type.bundle.unit-test";
		};
/* End PBXNativeTarget section */

/* Begin PBXProject section */
		99C2CDDD1AFC0C5D006C26C9 /* Project object */ = {
			isa = PBXProject;
			attributes = {
				LastUpgradeCheck = 0630;
				ORGANIZATIONNAME = "Michael Davidson";
				TargetAttributes = {
					99C2CDE41AFC0C5D006C26C9 = {
						CreatedOnToolsVersion = 6.3.1;
					};
					99C2CDFD1AFC0C5D006C26C9 = {
						CreatedOnToolsVersion = 6.3.1;
						TestTargetID = 99C2CDE41AFC0C5D006C26C9;
					};
				};
			};
			buildConfigurationList = 99C2CDE01AFC0C5D006C26C9 /* Build configuration list for PBXProject "WebPDemo" */;
			compatibilityVersion = "Xcode 3.2";
			developmentRegion = English;
			hasScannedForEncodings = 0;
			knownRegions = (
				en,
				Base,
			);
			mainGroup = 99C2CDDC1AFC0C5D006C26C9;
			productRefGroup = 99C2CDE61AFC0C5D006C26C9 /* Products */;
			projectDirPath = "";
			projectRoot = "";
			targets = (
				99C2CDE41AFC0C5D006C26C9 /* WebPDemo */,
				99C2CDFD1AFC0C5D006C26C9 /* WebPDemoTests */,
			);
		};
/* End PBXProject section */

/* Begin PBXResourcesBuildPhase section */
		99C2CDE31AFC0C5D006C26C9 /* Resources */ = {
			isa = PBXResourcesBuildPhase;
			buildActionMask = 2147483647;
			files = (
				99C2CDF41AFC0C5D006C26C9 /* Main.storyboard in Resources */,
				99C2CDF91AFC0C5D006C26C9 /* LaunchScreen.xib in Resources */,
				99C2CDF61AFC0C5D006C26C9 /* Images.xcassets in Resources */,
			);
			runOnlyForDeploymentPostprocessing = 0;
		};
		99C2CDFC1AFC0C5D006C26C9 /* Resources */ = {
			isa = PBXResourcesBuildPhase;
			buildActionMask = 2147483647;
			files = (
			);
			runOnlyForDeploymentPostprocessing = 0;
		};
/* End PBXResourcesBuildPhase section */

/* Begin PBXSourcesBuildPhase section */
		99C2CDE11AFC0C5D006C26C9 /* Sources */ = {
			isa = PBXSourcesBuildPhase;
			buildActionMask = 2147483647;
			files = (
				99C2CE271AFD10CD006C26C9 /* ImageToWebPDataTransformer.m in Sources */,
				99C2CE281AFD10CD006C26C9 /* UIImage+WebP.m in Sources */,
				99C2CDEE1AFC0C5D006C26C9 /* AppDelegate.m in Sources */,
				99C2CDEB1AFC0C5D006C26C9 /* main.m in Sources */,
				99C2CE1D1AFC3843006C26C9 /* MADPhotoViewCell.m in Sources */,
				99C2CE131AFC1F38006C26C9 /* MADWebPManager.m in Sources */,
				99C2CE101AFC0DB6006C26C9 /* MADWebPTableViewController.m in Sources */,
				99C2CE201AFD03D5006C26C9 /* MADPhotoViewController.m in Sources */,
				99C2CE1A1AFC3780006C26C9 /* MADPhotosCollectionViewController.m in Sources */,
			);
			runOnlyForDeploymentPostprocessing = 0;
		};
		99C2CDFA1AFC0C5D006C26C9 /* Sources */ = {
			isa = PBXSourcesBuildPhase;
			buildActionMask = 2147483647;
			files = (
				99C2CE051AFC0C5D006C26C9 /* WebPDemoTests.m in Sources */,
			);
			runOnlyForDeploymentPostprocessing = 0;
		};
/* End PBXSourcesBuildPhase section */

/* Begin PBXTargetDependency section */
		99C2CE001AFC0C5D006C26C9 /* PBXTargetDependency */ = {
			isa = PBXTargetDependency;
			target = 99C2CDE41AFC0C5D006C26C9 /* WebPDemo */;
			targetProxy = 99C2CDFF1AFC0C5D006C26C9 /* PBXContainerItemProxy */;
		};
/* End PBXTargetDependency section */

/* Begin PBXVariantGroup section */
		99C2CDF21AFC0C5D006C26C9 /* Main.storyboard */ = {
			isa = PBXVariantGroup;
			children = (
				99C2CDF31AFC0C5D006C26C9 /* Base */,
			);
			name = Main.storyboard;
			sourceTree = "<group>";
		};
		99C2CDF71AFC0C5D006C26C9 /* LaunchScreen.xib */ = {
			isa = PBXVariantGroup;
			children = (
				99C2CDF81AFC0C5D006C26C9 /* Base */,
			);
			name = LaunchScreen.xib;
			sourceTree = "<group>";
		};
/* End PBXVariantGroup section */

/* Begin XCBuildConfiguration section */
		99C2CE061AFC0C5D006C26C9 /* Debug */ = {
			isa = XCBuildConfiguration;
			buildSettings = {
				ALWAYS_SEARCH_USER_PATHS = NO;
				CLANG_CXX_LANGUAGE_STANDARD = "gnu++0x";
				CLANG_CXX_LIBRARY = "libc++";
				CLANG_ENABLE_MODULES = YES;
				CLANG_ENABLE_OBJC_ARC = YES;
				CLANG_WARN_BOOL_CONVERSION = YES;
				CLANG_WARN_CONSTANT_CONVERSION = YES;
				CLANG_WARN_DIRECT_OBJC_ISA_USAGE = YES_ERROR;
				CLANG_WARN_EMPTY_BODY = YES;
				CLANG_WARN_ENUM_CONVERSION = YES;
				CLANG_WARN_INT_CONVERSION = YES;
				CLANG_WARN_OBJC_ROOT_CLASS = YES_ERROR;
				CLANG_WARN_UNREACHABLE_CODE = YES;
				CLANG_WARN__DUPLICATE_METHOD_MATCH = YES;
				"CODE_SIGN_IDENTITY[sdk=iphoneos*]" = "iPhone Developer";
				COPY_PHASE_STRIP = NO;
				DEBUG_INFORMATION_FORMAT = "dwarf-with-dsym";
				ENABLE_STRICT_OBJC_MSGSEND = YES;
				GCC_C_LANGUAGE_STANDARD = gnu99;
				GCC_DYNAMIC_NO_PIC = NO;
				GCC_NO_COMMON_BLOCKS = YES;
				GCC_OPTIMIZATION_LEVEL = 0;
				GCC_PREPROCESSOR_DEFINITIONS = (
					"DEBUG=1",
					"$(inherited)",
				);
				GCC_SYMBOLS_PRIVATE_EXTERN = NO;
				GCC_WARN_64_TO_32_BIT_CONVERSION = YES;
				GCC_WARN_ABOUT_RETURN_TYPE = YES_ERROR;
				GCC_WARN_UNDECLARED_SELECTOR = YES;
				GCC_WARN_UNINITIALIZED_AUTOS = YES_AGGRESSIVE;
				GCC_WARN_UNUSED_FUNCTION = YES;
				GCC_WARN_UNUSED_VARIABLE = YES;
				IPHONEOS_DEPLOYMENT_TARGET = 8.3;
				MTL_ENABLE_DEBUG_INFO = YES;
				ONLY_ACTIVE_ARCH = YES;
				SDKROOT = iphoneos;
				TARGETED_DEVICE_FAMILY = "1,2";
			};
			name = Debug;
		};
		99C2CE071AFC0C5D006C26C9 /* Release */ = {
			isa = XCBuildConfiguration;
			buildSettings = {
				ALWAYS_SEARCH_USER_PATHS = NO;
				CLANG_CXX_LANGUAGE_STANDARD = "gnu++0x";
				CLANG_CXX_LIBRARY = "libc++";
				CLANG_ENABLE_MODULES = YES;
				CLANG_ENABLE_OBJC_ARC = YES;
				CLANG_WARN_BOOL_CONVERSION = YES;
				CLANG_WARN_CONSTANT_CONVERSION = YES;
				CLANG_WARN_DIRECT_OBJC_ISA_USAGE = YES_ERROR;
				CLANG_WARN_EMPTY_BODY = YES;
				CLANG_WARN_ENUM_CONVERSION = YES;
				CLANG_WARN_INT_CONVERSION = YES;
				CLANG_WARN_OBJC_ROOT_CLASS = YES_ERROR;
				CLANG_WARN_UNREACHABLE_CODE = YES;
				CLANG_WARN__DUPLICATE_METHOD_MATCH = YES;
				"CODE_SIGN_IDENTITY[sdk=iphoneos*]" = "iPhone Developer";
				COPY_PHASE_STRIP = NO;
				DEBUG_INFORMATION_FORMAT = "dwarf-with-dsym";
				ENABLE_NS_ASSERTIONS = NO;
				ENABLE_STRICT_OBJC_MSGSEND = YES;
				GCC_C_LANGUAGE_STANDARD = gnu99;
				GCC_NO_COMMON_BLOCKS = YES;
				GCC_WARN_64_TO_32_BIT_CONVERSION = YES;
				GCC_WARN_ABOUT_RETURN_TYPE = YES_ERROR;
				GCC_WARN_UNDECLARED_SELECTOR = YES;
				GCC_WARN_UNINITIALIZED_AUTOS = YES_AGGRESSIVE;
				GCC_WARN_UNUSED_FUNCTION = YES;
				GCC_WARN_UNUSED_VARIABLE = YES;
				IPHONEOS_DEPLOYMENT_TARGET = 8.3;
				MTL_ENABLE_DEBUG_INFO = NO;
				SDKROOT = iphoneos;
				TARGETED_DEVICE_FAMILY = "1,2";
				VALIDATE_PRODUCT = YES;
			};
			name = Release;
		};
		99C2CE091AFC0C5D006C26C9 /* Debug */ = {
			isa = XCBuildConfiguration;
			buildSettings = {
				ASSETCATALOG_COMPILER_APPICON_NAME = AppIcon;
				FRAMEWORK_SEARCH_PATHS = (
					"$(inherited)",
					"$(PROJECT_DIR)/WebPDemo",
				);
				INFOPLIST_FILE = WebPDemo/Info.plist;
				LD_RUNPATH_SEARCH_PATHS = "$(inherited) @executable_path/Frameworks";
				PRODUCT_NAME = "$(TARGET_NAME)";
			};
			name = Debug;
		};
		99C2CE0A1AFC0C5D006C26C9 /* Release */ = {
			isa = XCBuildConfiguration;
			buildSettings = {
				ASSETCATALOG_COMPILER_APPICON_NAME = AppIcon;
				FRAMEWORK_SEARCH_PATHS = (
					"$(inherited)",
					"$(PROJECT_DIR)/WebPDemo",
				);
				INFOPLIST_FILE = WebPDemo/Info.plist;
				LD_RUNPATH_SEARCH_PATHS = "$(inherited) @executable_path/Frameworks";
				PRODUCT_NAME = "$(TARGET_NAME)";
			};
			name = Release;
		};
		99C2CE0C1AFC0C5D006C26C9 /* Debug */ = {
			isa = XCBuildConfiguration;
			buildSettings = {
				BUNDLE_LOADER = "$(TEST_HOST)";
				FRAMEWORK_SEARCH_PATHS = (
					"$(SDKROOT)/Developer/Library/Frameworks",
					"$(inherited)",
				);
				GCC_PREPROCESSOR_DEFINITIONS = (
					"DEBUG=1",
					"$(inherited)",
				);
				INFOPLIST_FILE = WebPDemoTests/Info.plist;
				LD_RUNPATH_SEARCH_PATHS = "$(inherited) @executable_path/Frameworks @loader_path/Frameworks";
				PRODUCT_NAME = "$(TARGET_NAME)";
				TEST_HOST = "$(BUILT_PRODUCTS_DIR)/WebPDemo.app/WebPDemo";
			};
			name = Debug;
		};
		99C2CE0D1AFC0C5D006C26C9 /* Release */ = {
			isa = XCBuildConfiguration;
			buildSettings = {
				BUNDLE_LOADER = "$(TEST_HOST)";
				FRAMEWORK_SEARCH_PATHS = (
					"$(SDKROOT)/Developer/Library/Frameworks",
					"$(inherited)",
				);
				INFOPLIST_FILE = WebPDemoTests/Info.plist;
				LD_RUNPATH_SEARCH_PATHS = "$(inherited) @executable_path/Frameworks @loader_path/Frameworks";
				PRODUCT_NAME = "$(TARGET_NAME)";
				TEST_HOST = "$(BUILT_PRODUCTS_DIR)/WebPDemo.app/WebPDemo";
			};
			name = Release;
		};
/* End XCBuildConfiguration section */

/* Begin XCConfigurationList section */
		99C2CDE01AFC0C5D006C26C9 /* Build configuration list for PBXProject "WebPDemo" */ = {
			isa = XCConfigurationList;
			buildConfigurations = (
				99C2CE061AFC0C5D006C26C9 /* Debug */,
				99C2CE071AFC0C5D006C26C9 /* Release */,
			);
			defaultConfigurationIsVisible = 0;
			defaultConfigurationName = Release;
		};
		99C2CE081AFC0C5D006C26C9 /* Build configuration list for PBXNativeTarget "WebPDemo" */ = {
			isa = XCConfigurationList;
			buildConfigurations = (
				99C2CE091AFC0C5D006C26C9 /* Debug */,
				99C2CE0A1AFC0C5D006C26C9 /* Release */,
			);
			defaultConfigurationIsVisible = 0;
		};
		99C2CE0B1AFC0C5D006C26C9 /* Build configuration list for PBXNativeTarget "WebPDemoTests" */ = {
			isa = XCConfigurationList;
			buildConfigurations = (
				99C2CE0C1AFC0C5D006C26C9 /* Debug */,
				99C2CE0D1AFC0C5D006C26C9 /* Release */,
			);
			defaultConfigurationIsVisible = 0;
		};
/* End XCConfigurationList section */
	};
	rootObject = 99C2CDDD1AFC0C5D006C26C9 /* Project object */;
}
